
Microsoft Visual Studio Solution File, Format Version 12.00
# Visual Studio Version 16
VisualStudioVersion = 16.0.31205.134
MinimumVisualStudioVersion = 10.0.40219.1
Project("{FAE04EC0-301F-11D3-BF4B-00C04F79EFBC}") = "App consulta", "App consulta\App consulta.csproj", "{555EC625-B29C-4B57-8444-02B6F65C3604}"
EndProject
Global
	GlobalSection(SolutionConfigurationPlatforms) = preSolution
		Debug|Any CPU = Debug|Any CPU
		Release|Any CPU = Release|Any CPU
	EndGlobalSection
	GlobalSection(ProjectConfigurationPlatforms) = postSolution
		{555EC625-B29C-4B57-8444-02B6F65C3604}.Debug|Any CPU.ActiveCfg = Debug|Any CPU
		{555EC625-B29C-4B57-8444-02B6F65C3604}.Debug|Any CPU.Build.0 = Debug|Any CPU
		{555EC625-B29C-4B57-8444-02B6F65C3604}.Release|Any CPU.ActiveCfg = Release|Any CPU
		{555EC625-B29C-4B57-8444-02B6F65C3604}.Release|Any CPU.Build.0 = Release|Any CPU
	EndGlobalSection
	GlobalSection(SolutionProperties) = preSolution
		HideSolutionNode = FALSE
	EndGlobalSection
	GlobalSection(ExtensibilityGlobals) = postSolution
		SolutionGuid = {2DB0D96A-648D-42DF-80AD-0DC32F1C5CB0}
	EndGlobalSection
EndGlobal
